
Microsoft Visual Studio Solution File, Format Version 12.00
# Visual Studio Version 17
VisualStudioVersion = 17.9.34728.123
MinimumVisualStudioVersion = 10.0.40219.1
Project("{FAE04EC0-301F-11D3-BF4B-00C04F79EFBC}") = "NotasAluno", "NotasAluno\NotasAluno.csproj", "{DC0AE143-6FF7-407C-A0E2-5AD3308ADD61}"
EndProject
Global
	GlobalSection(SolutionConfigurationPlatforms) = preSolution
		Debug|Any CPU = Debug|Any CPU
		Release|Any CPU = Release|Any CPU
	EndGlobalSection
	GlobalSection(ProjectConfigurationPlatforms) = postSolution
		{DC0AE143-6FF7-407C-A0E2-5AD3308ADD61}.Debug|Any CPU.ActiveCfg = Debug|Any CPU
		{DC0AE143-6FF7-407C-A0E2-5AD3308ADD61}.Debug|Any CPU.Build.0 = Debug|Any CPU
		{DC0AE143-6FF7-407C-A0E2-5AD3308ADD61}.Release|Any CPU.ActiveCfg = Release|Any CPU
		{DC0AE143-6FF7-407C-A0E2-5AD3308ADD61}.Release|Any CPU.Build.0 = Release|Any CPU
	EndGlobalSection
	GlobalSection(SolutionProperties) = preSolution
		HideSolutionNode = FALSE
	EndGlobalSection
	GlobalSection(ExtensibilityGlobals) = postSolution
		SolutionGuid = {4BDCD464-5451-44FA-A90E-E77F3FF5A7E0}
	EndGlobalSection
EndGlobal
